
Microsoft Visual Studio Solution File, Format Version 12.00
# Visual Studio Version 17
VisualStudioVersion = 17.3.32929.385
MinimumVisualStudioVersion = 10.0.40219.1
Project("{FAE04EC0-301F-11D3-BF4B-00C04F79EFBC}") = "Moment_1_2_Blazor_Wasm", "Moment_1_2_Blazor_Wasm.csproj", "{A53D5901-2D76-40BA-B3F2-11EA6B734590}"
EndProject
Global
	GlobalSection(SolutionConfigurationPlatforms) = preSolution
		Debug|Any CPU = Debug|Any CPU
		Release|Any CPU = Release|Any CPU
	EndGlobalSection
	GlobalSection(ProjectConfigurationPlatforms) = postSolution
		{A53D5901-2D76-40BA-B3F2-11EA6B734590}.Debug|Any CPU.ActiveCfg = Debug|Any CPU
		{A53D5901-2D76-40BA-B3F2-11EA6B734590}.Debug|Any CPU.Build.0 = Debug|Any CPU
		{A53D5901-2D76-40BA-B3F2-11EA6B734590}.Release|Any CPU.ActiveCfg = Release|Any CPU
		{A53D5901-2D76-40BA-B3F2-11EA6B734590}.Release|Any CPU.Build.0 = Release|Any CPU
	EndGlobalSection
	GlobalSection(SolutionProperties) = preSolution
		HideSolutionNode = FALSE
	EndGlobalSection
	GlobalSection(ExtensibilityGlobals) = postSolution
		SolutionGuid = {3A20E343-CD27-4A9C-9947-D8A2BCE2FEC8}
	EndGlobalSection
EndGlobal
